
Microsoft Visual Studio Solution File, Format Version 12.00
# Visual Studio 15
VisualStudioVersion = 15.0.26430.4
MinimumVisualStudioVersion = 10.0.40219.1
Project("{2150E333-8FDC-42A3-9474-1A3956D46DE8}") = "IO", "IO", "{980C6FBD-8C0D-4232-907B-6B20AA5C8FF8}"
EndProject
Project("{2150E333-8FDC-42A3-9474-1A3956D46DE8}") = "WebDataMiner", "WebDataMiner", "{AB14E720-AA2B-4184-BC6B-584F21B5CAB0}"
EndProject
Project("{FAE04EC0-301F-11D3-BF4B-00C04F79EFBC}") = "WebDataMiner.App", "WebDataMiner\WebDataMiner.App\WebDataMiner.App.csproj", "{FDE76A38-EBAE-4CB7-A5C7-ED0732F06A03}"
EndProject
Project("{FAE04EC0-301F-11D3-BF4B-00C04F79EFBC}") = "WebDataMiner.ViewModel", "WebDataMiner\WebDataMiner.ViewModel\WebDataMiner.ViewModel.csproj", "{775DB70F-F731-42E0-B0A0-B6A9F3AA25E3}"
EndProject
Project("{FAE04EC0-301F-11D3-BF4B-00C04F79EFBC}") = "WebDataMiner.View", "WebDataMiner\WebDataMiner.View\WebDataMiner.View.csproj", "{52D6C003-EE94-4870-BDAE-B9A9B4545102}"
EndProject
Project("{FAE04EC0-301F-11D3-BF4B-00C04F79EFBC}") = "WebDataMiner.Model", "WebDataMiner\WebDataMiner.Model\WebDataMiner.Model.csproj", "{CF6F8F79-D273-47DB-8A1E-EFF28D0F4868}"
EndProject
Project("{FAE04EC0-301F-11D3-BF4B-00C04F79EFBC}") = "IO.TextReader", "IO\IO.TextReader\IO.TextReader.csproj", "{E88D37EC-BE13-48C4-BAE1-549D6090A30B}"
EndProject
Project("{FAE04EC0-301F-11D3-BF4B-00C04F79EFBC}") = "IO.TextWriter", "IO\IO.TextWriter\IO.TextWriter.csproj", "{32DE5662-BCD5-4882-A6D3-D8A2C7D07A99}"
EndProject
Project("{FAE04EC0-301F-11D3-BF4B-00C04F79EFBC}") = "WebDataMiner.WebAnalyzer", "WebDataMiner\WebDataMiner.WebAnalyzer\WebDataMiner.WebAnalyzer.csproj", "{09C1564A-0B4E-458C-BEB9-B6419395D378}"
EndProject
Project("{FAE04EC0-301F-11D3-BF4B-00C04F79EFBC}") = "WebDataMiner.WebSpider", "WebDataMiner\WebDataMiner.WebSpider\WebDataMiner.WebSpider.csproj", "{0589935C-4DB8-4755-9F02-C5F1781C9067}"
EndProject
Global
	GlobalSection(SolutionConfigurationPlatforms) = preSolution
		Debug|Any CPU = Debug|Any CPU
		Debug|ARM = Debug|ARM
		Debug|x64 = Debug|x64
		Debug|x86 = Debug|x86
		Release|Any CPU = Release|Any CPU
		Release|ARM = Release|ARM
		Release|x64 = Release|x64
		Release|x86 = Release|x86
	EndGlobalSection
	GlobalSection(ProjectConfigurationPlatforms) = postSolution
		{FDE76A38-EBAE-4CB7-A5C7-ED0732F06A03}.Debug|Any CPU.ActiveCfg = Debug|x86
		{FDE76A38-EBAE-4CB7-A5C7-ED0732F06A03}.Debug|ARM.ActiveCfg = Debug|ARM
		{FDE76A38-EBAE-4CB7-A5C7-ED0732F06A03}.Debug|ARM.Build.0 = Debug|ARM
		{FDE76A38-EBAE-4CB7-A5C7-ED0732F06A03}.Debug|ARM.Deploy.0 = Debug|ARM
		{FDE76A38-EBAE-4CB7-A5C7-ED0732F06A03}.Debug|x64.ActiveCfg = Debug|x64
		{FDE76A38-EBAE-4CB7-A5C7-ED0732F06A03}.Debug|x64.Build.0 = Debug|x64
		{FDE76A38-EBAE-4CB7-A5C7-ED0732F06A03}.Debug|x64.Deploy.0 = Debug|x64
		{FDE76A38-EBAE-4CB7-A5C7-ED0732F06A03}.Debug|x86.ActiveCfg = Debug|x86
		{FDE76A38-EBAE-4CB7-A5C7-ED0732F06A03}.Debug|x86.Build.0 = Debug|x86
		{FDE76A38-EBAE-4CB7-A5C7-ED0732F06A03}.Debug|x86.Deploy.0 = Debug|x86
		{FDE76A38-EBAE-4CB7-A5C7-ED0732F06A03}.Release|Any CPU.ActiveCfg = Release|x86
		{FDE76A38-EBAE-4CB7-A5C7-ED0732F06A03}.Release|ARM.ActiveCfg = Release|ARM
		{FDE76A38-EBAE-4CB7-A5C7-ED0732F06A03}.Release|ARM.Build.0 = Release|ARM
		{FDE76A38-EBAE-4CB7-A5C7-ED0732F06A03}.Release|ARM.Deploy.0 = Release|ARM
		{FDE76A38-EBAE-4CB7-A5C7-ED0732F06A03}.Release|x64.ActiveCfg = Release|x64
		{FDE76A38-EBAE-4CB7-A5C7-ED0732F06A03}.Release|x64.Build.0 = Release|x64
		{FDE76A38-EBAE-4CB7-A5C7-ED0732F06A03}.Release|x64.Deploy.0 = Release|x64
		{FDE76A38-EBAE-4CB7-A5C7-ED0732F06A03}.Release|x86.ActiveCfg = Release|x86
		{FDE76A38-EBAE-4CB7-A5C7-ED0732F06A03}.Release|x86.Build.0 = Release|x86
		{FDE76A38-EBAE-4CB7-A5C7-ED0732F06A03}.Release|x86.Deploy.0 = Release|x86
		{775DB70F-F731-42E0-B0A0-B6A9F3AA25E3}.Debug|Any CPU.ActiveCfg = Debug|Any CPU
		{775DB70F-F731-42E0-B0A0-B6A9F3AA25E3}.Debug|Any CPU.Build.0 = Debug|Any CPU
		{775DB70F-F731-42E0-B0A0-B6A9F3AA25E3}.Debug|ARM.ActiveCfg = Debug|Any CPU
		{775DB70F-F731-42E0-B0A0-B6A9F3AA25E3}.Debug|ARM.Build.0 = Debug|Any CPU
		{775DB70F-F731-42E0-B0A0-B6A9F3AA25E3}.Debug|x64.ActiveCfg = Debug|Any CPU
		{775DB70F-F731-42E0-B0A0-B6A9F3AA25E3}.Debug|x64.Build.0 = Debug|Any CPU
		{775DB70F-F731-42E0-B0A0-B6A9F3AA25E3}.Debug|x86.ActiveCfg = Debug|Any CPU
		{775DB70F-F731-42E0-B0A0-B6A9F3AA25E3}.Debug|x86.Build.0 = Debug|Any CPU
		{775DB70F-F731-42E0-B0A0-B6A9F3AA25E3}.Release|Any CPU.ActiveCfg = Release|Any CPU
		{775DB70F-F731-42E0-B0A0-B6A9F3AA25E3}.Release|Any CPU.Build.0 = Release|Any CPU
		{775DB70F-F731-42E0-B0A0-B6A9F3AA25E3}.Release|ARM.ActiveCfg = Release|Any CPU
		{775DB70F-F731-42E0-B0A0-B6A9F3AA25E3}.Release|ARM.Build.0 = Release|Any CPU
		{775DB70F-F731-42E0-B0A0-B6A9F3AA25E3}.Release|x64.ActiveCfg = Release|Any CPU
		{775DB70F-F731-42E0-B0A0-B6A9F3AA25E3}.Release|x64.Build.0 = Release|Any CPU
		{775DB70F-F731-42E0-B0A0-B6A9F3AA25E3}.Release|x86.ActiveCfg = Release|Any CPU
		{775DB70F-F731-42E0-B0A0-B6A9F3AA25E3}.Release|x86.Build.0 = Release|Any CPU
		{52D6C003-EE94-4870-BDAE-B9A9B4545102}.Debug|Any CPU.ActiveCfg = Debug|Any CPU
		{52D6C003-EE94-4870-BDAE-B9A9B4545102}.Debug|Any CPU.Build.0 = Debug|Any CPU
		{52D6C003-EE94-4870-BDAE-B9A9B4545102}.Debug|ARM.ActiveCfg = Debug|Any CPU
		{52D6C003-EE94-4870-BDAE-B9A9B4545102}.Debug|ARM.Build.0 = Debug|Any CPU
		{52D6C003-EE94-4870-BDAE-B9A9B4545102}.Debug|x64.ActiveCfg = Debug|Any CPU
		{52D6C003-EE94-4870-BDAE-B9A9B4545102}.Debug|x64.Build.0 = Debug|Any CPU
		{52D6C003-EE94-4870-BDAE-B9A9B4545102}.Debug|x86.ActiveCfg = Debug|Any CPU
		{52D6C003-EE94-4870-BDAE-B9A9B4545102}.Debug|x86.Build.0 = Debug|Any CPU
		{52D6C003-EE94-4870-BDAE-B9A9B4545102}.Release|Any CPU.ActiveCfg = Release|Any CPU
		{52D6C003-EE94-4870-BDAE-B9A9B4545102}.Release|Any CPU.Build.0 = Release|Any CPU
		{52D6C003-EE94-4870-BDAE-B9A9B4545102}.Release|ARM.ActiveCfg = Release|Any CPU
		{52D6C003-EE94-4870-BDAE-B9A9B4545102}.Release|ARM.Build.0 = Release|Any CPU
		{52D6C003-EE94-4870-BDAE-B9A9B4545102}.Release|x64.ActiveCfg = Release|Any CPU
		{52D6C003-EE94-4870-BDAE-B9A9B4545102}.Release|x64.Build.0 = Release|Any CPU
		{52D6C003-EE94-4870-BDAE-B9A9B4545102}.Release|x86.ActiveCfg = Release|Any CPU
		{52D6C003-EE94-4870-BDAE-B9A9B4545102}.Release|x86.Build.0 = Release|Any CPU
		{CF6F8F79-D273-47DB-8A1E-EFF28D0F4868}.Debug|Any CPU.ActiveCfg = Debug|Any CPU
		{CF6F8F79-D273-47DB-8A1E-EFF28D0F4868}.Debug|Any CPU.Build.0 = Debug|Any CPU
		{CF6F8F79-D273-47DB-8A1E-EFF28D0F4868}.Debug|ARM.ActiveCfg = Debug|Any CPU
		{CF6F8F79-D273-47DB-8A1E-EFF28D0F4868}.Debug|ARM.Build.0 = Debug|Any CPU
		{CF6F8F79-D273-47DB-8A1E-EFF28D0F4868}.Debug|x64.ActiveCfg = Debug|Any CPU
		{CF6F8F79-D273-47DB-8A1E-EFF28D0F4868}.Debug|x64.Build.0 = Debug|Any CPU
		{CF6F8F79-D273-47DB-8A1E-EFF28D0F4868}.Debug|x86.ActiveCfg = Debug|Any CPU
		{CF6F8F79-D273-47DB-8A1E-EFF28D0F4868}.Debug|x86.Build.0 = Debug|Any CPU
		{CF6F8F79-D273-47DB-8A1E-EFF28D0F4868}.Release|Any CPU.ActiveCfg = Release|Any CPU
		{CF6F8F79-D273-47DB-8A1E-EFF28D0F4868}.Release|Any CPU.Build.0 = Release|Any CPU
		{CF6F8F79-D273-47DB-8A1E-EFF28D0F4868}.Release|ARM.ActiveCfg = Release|Any CPU
		{CF6F8F79-D273-47DB-8A1E-EFF28D0F4868}.Release|ARM.Build.0 = Release|Any CPU
		{CF6F8F79-D273-47DB-8A1E-EFF28D0F4868}.Release|x64.ActiveCfg = Release|Any CPU
		{CF6F8F79-D273-47DB-8A1E-EFF28D0F4868}.Release|x64.Build.0 = Release|Any CPU
		{CF6F8F79-D273-47DB-8A1E-EFF28D0F4868}.Release|x86.ActiveCfg = Release|Any CPU
		{CF6F8F79-D273-47DB-8A1E-EFF28D0F4868}.Release|x86.Build.0 = Release|Any CPU
		{E88D37EC-BE13-48C4-BAE1-549D6090A30B}.Debug|Any CPU.ActiveCfg = Debug|Any CPU
		{E88D37EC-BE13-48C4-BAE1-549D6090A30B}.Debug|Any CPU.Build.0 = Debug|Any CPU
		{E88D37EC-BE13-48C4-BAE1-549D6090A30B}.Debug|ARM.ActiveCfg = Debug|Any CPU
		{E88D37EC-BE13-48C4-BAE1-549D6090A30B}.Debug|ARM.Build.0 = Debug|Any CPU
		{E88D37EC-BE13-48C4-BAE1-549D6090A30B}.Debug|x64.ActiveCfg = Debug|Any CPU
		{E88D37EC-BE13-48C4-BAE1-549D6090A30B}.Debug|x64.Build.0 = Debug|Any CPU
		{E88D37EC-BE13-48C4-BAE1-549D6090A30B}.Debug|x86.ActiveCfg = Debug|Any CPU
		{E88D37EC-BE13-48C4-BAE1-549D6090A30B}.Debug|x86.Build.0 = Debug|Any CPU
		{E88D37EC-BE13-48C4-BAE1-549D6090A30B}.Release|Any CPU.ActiveCfg = Release|Any CPU
		{E88D37EC-BE13-48C4-BAE1-549D6090A30B}.Release|Any CPU.Build.0 = Release|Any CPU
		{E88D37EC-BE13-48C4-BAE1-549D6090A30B}.Release|ARM.ActiveCfg = Release|Any CPU
		{E88D37EC-BE13-48C4-BAE1-549D6090A30B}.Release|ARM.Build.0 = Release|Any CPU
		{E88D37EC-BE13-48C4-BAE1-549D6090A30B}.Release|x64.ActiveCfg = Release|Any CPU
		{E88D37EC-BE13-48C4-BAE1-549D6090A30B}.Release|x64.Build.0 = Release|Any CPU
		{E88D37EC-BE13-48C4-BAE1-549D6090A30B}.Release|x86.ActiveCfg = Release|Any CPU
		{E88D37EC-BE13-48C4-BAE1-549D6090A30B}.Release|x86.Build.0 = Release|Any CPU
		{32DE5662-BCD5-4882-A6D3-D8A2C7D07A99}.Debug|Any CPU.ActiveCfg = Debug|Any CPU
		{32DE5662-BCD5-4882-A6D3-D8A2C7D07A99}.Debug|Any CPU.Build.0 = Debug|Any CPU
		{32DE5662-BCD5-4882-A6D3-D8A2C7D07A99}.Debug|ARM.ActiveCfg = Debug|Any CPU
		{32DE5662-BCD5-4882-A6D3-D8A2C7D07A99}.Debug|ARM.Build.0 = Debug|Any CPU
		{32DE5662-BCD5-4882-A6D3-D8A2C7D07A99}.Debug|x64.ActiveCfg = Debug|Any CPU
		{32DE5662-BCD5-4882-A6D3-D8A2C7D07A99}.Debug|x64.Build.0 = Debug|Any CPU
		{32DE5662-BCD5-4882-A6D3-D8A2C7D07A99}.Debug|x86.ActiveCfg = Debug|Any CPU
		{32DE5662-BCD5-4882-A6D3-D8A2C7D07A99}.Debug|x86.Build.0 = Debug|Any CPU
		{32DE5662-BCD5-4882-A6D3-D8A2C7D07A99}.Release|Any CPU.ActiveCfg = Release|Any CPU
		{32DE5662-BCD5-4882-A6D3-D8A2C7D07A99}.Release|Any CPU.Build.0 = Release|Any CPU
		{32DE5662-BCD5-4882-A6D3-D8A2C7D07A99}.Release|ARM.ActiveCfg = Release|Any CPU
		{32DE5662-BCD5-4882-A6D3-D8A2C7D07A99}.Release|ARM.Build.0 = Release|Any CPU
		{32DE5662-BCD5-4882-A6D3-D8A2C7D07A99}.Release|x64.ActiveCfg = Release|Any CPU
		{32DE5662-BCD5-4882-A6D3-D8A2C7D07A99}.Release|x64.Build.0 = Release|Any CPU
		{32DE5662-BCD5-4882-A6D3-D8A2C7D07A99}.Release|x86.ActiveCfg = Release|Any CPU
		{32DE5662-BCD5-4882-A6D3-D8A2C7D07A99}.Release|x86.Build.0 = Release|Any CPU
		{09C1564A-0B4E-458C-BEB9-B6419395D378}.Debug|Any CPU.ActiveCfg = Debug|Any CPU
		{09C1564A-0B4E-458C-BEB9-B6419395D378}.Debug|Any CPU.Build.0 = Debug|Any CPU
		{09C1564A-0B4E-458C-BEB9-B6419395D378}.Debug|ARM.ActiveCfg = Debug|Any CPU
		{09C1564A-0B4E-458C-BEB9-B6419395D378}.Debug|ARM.Build.0 = Debug|Any CPU
		{09C1564A-0B4E-458C-BEB9-B6419395D378}.Debug|x64.ActiveCfg = Debug|Any CPU
		{09C1564A-0B4E-458C-BEB9-B6419395D378}.Debug|x64.Build.0 = Debug|Any CPU
		{09C1564A-0B4E-458C-BEB9-B6419395D378}.Debug|x86.ActiveCfg = Debug|Any CPU
		{09C1564A-0B4E-458C-BEB9-B6419395D378}.Debug|x86.Build.0 = Debug|Any CPU
		{09C1564A-0B4E-458C-BEB9-B6419395D378}.Release|Any CPU.ActiveCfg = Release|Any CPU
		{09C1564A-0B4E-458C-BEB9-B6419395D378}.Release|Any CPU.Build.0 = Release|Any CPU
		{09C1564A-0B4E-458C-BEB9-B6419395D378}.Release|ARM.ActiveCfg = Release|Any CPU
		{09C1564A-0B4E-458C-BEB9-B6419395D378}.Release|ARM.Build.0 = Release|Any CPU
		{09C1564A-0B4E-458C-BEB9-B6419395D378}.Release|x64.ActiveCfg = Release|Any CPU
		{09C1564A-0B4E-458C-BEB9-B6419395D378}.Release|x64.Build.0 = Release|Any CPU
		{09C1564A-0B4E-458C-BEB9-B6419395D378}.Release|x86.ActiveCfg = Release|Any CPU
		{09C1564A-0B4E-458C-BEB9-B6419395D378}.Release|x86.Build.0 = Release|Any CPU
		{0589935C-4DB8-4755-9F02-C5F1781C9067}.Debug|Any CPU.ActiveCfg = Debug|Any CPU
		{0589935C-4DB8-4755-9F02-C5F1781C9067}.Debug|Any CPU.Build.0 = Debug|Any CPU
		{0589935C-4DB8-4755-9F02-C5F1781C9067}.Debug|ARM.ActiveCfg = Debug|Any CPU
		{0589935C-4DB8-4755-9F02-C5F1781C9067}.Debug|ARM.Build.0 = Debug|Any CPU
		{0589935C-4DB8-4755-9F02-C5F1781C9067}.Debug|x64.ActiveCfg = Debug|Any CPU
		{0589935C-4DB8-4755-9F02-C5F1781C9067}.Debug|x64.Build.0 = Debug|Any CPU
		{0589935C-4DB8-4755-9F02-C5F1781C9067}.Debug|x86.ActiveCfg = Debug|Any CPU
		{0589935C-4DB8-4755-9F02-C5F1781C9067}.Debug|x86.Build.0 = Debug|Any CPU
		{0589935C-4DB8-4755-9F02-C5F1781C9067}.Release|Any CPU.ActiveCfg = Release|Any CPU
		{0589935C-4DB8-4755-9F02-C5F1781C9067}.Release|Any CPU.Build.0 = Release|Any CPU
		{0589935C-4DB8-4755-9F02-C5F1781C9067}.Release|ARM.ActiveCfg = Release|Any CPU
		{0589935C-4DB8-4755-9F02-C5F1781C9067}.Release|ARM.Build.0 = Release|Any CPU
		{0589935C-4DB8-4755-9F02-C5F1781C9067}.Release|x64.ActiveCfg = Release|Any CPU
		{0589935C-4DB8-4755-9F02-C5F1781C9067}.Release|x64.Build.0 = Release|Any CPU
		{0589935C-4DB8-4755-9F02-C5F1781C9067}.Release|x86.ActiveCfg = Release|Any CPU
		{0589935C-4DB8-4755-9F02-C5F1781C9067}.Release|x86.Build.0 = Release|Any CPU
	EndGlobalSection
	GlobalSection(SolutionProperties) = preSolution
		HideSolutionNode = FALSE
	EndGlobalSection
	GlobalSection(NestedProjects) = preSolution
		{FDE76A38-EBAE-4CB7-A5C7-ED0732F06A03} = {AB14E720-AA2B-4184-BC6B-584F21B5CAB0}
		{775DB70F-F731-42E0-B0A0-B6A9F3AA25E3} = {AB14E720-AA2B-4184-BC6B-584F21B5CAB0}
		{52D6C003-EE94-4870-BDAE-B9A9B4545102} = {AB14E720-AA2B-4184-BC6B-584F21B5CAB0}
		{CF6F8F79-D273-47DB-8A1E-EFF28D0F4868} = {AB14E720-AA2B-4184-BC6B-584F21B5CAB0}
		{E88D37EC-BE13-48C4-BAE1-549D6090A30B} = {980C6FBD-8C0D-4232-907B-6B20AA5C8FF8}
		{32DE5662-BCD5-4882-A6D3-D8A2C7D07A99} = {980C6FBD-8C0D-4232-907B-6B20AA5C8FF8}
		{09C1564A-0B4E-458C-BEB9-B6419395D378} = {AB14E720-AA2B-4184-BC6B-584F21B5CAB0}
		{0589935C-4DB8-4755-9F02-C5F1781C9067} = {AB14E720-AA2B-4184-BC6B-584F21B5CAB0}
	EndGlobalSection
EndGlobal
